// !$*UTF8*$!
{
	archiveVersion = 1;
	classes = {
	};
	objectVersion = 50;
	objects = {

/* Begin PBXBuildFile section */
		CD0EF44D232350D00076A422 /* PhotoDataSource.swift in Sources */ = {isa = PBXBuildFile; fileRef = CD0EF44C232350D00076A422 /* PhotoDataSource.swift */; };
		CD0EF44F23236EAB0076A422 /* PhotoCollectionViewCell.swift in Sources */ = {isa = PBXBuildFile; fileRef = CD0EF44E23236EAB0076A422 /* PhotoCollectionViewCell.swift */; };
		CD0EF4512323DE650076A422 /* ImageStore.swift in Sources */ = {isa = PBXBuildFile; fileRef = CD0EF4502323DE650076A422 /* ImageStore.swift */; };
		CD0EF4572323E8A70076A422 /* PhotoInfoViewController.swift in Sources */ = {isa = PBXBuildFile; fileRef = CD0EF4562323E8A70076A422 /* PhotoInfoViewController.swift */; };
		CD3444CF2331254F00553701 /* Photo+CoreDataProperties.swift in Sources */ = {isa = PBXBuildFile; fileRef = CD3444CE2331254F00553701 /* Photo+CoreDataProperties.swift */; };
		CD3444D1233127FB00553701 /* TagsViewController.swift in Sources */ = {isa = PBXBuildFile; fileRef = CD3444D0233127FB00553701 /* TagsViewController.swift */; };
		CD3444D323312AD600553701 /* TagDataSource.swift in Sources */ = {isa = PBXBuildFile; fileRef = CD3444D223312AD600553701 /* TagDataSource.swift */; };
		CDA5D109231B4E55002F33A1 /* AppDelegate.swift in Sources */ = {isa = PBXBuildFile; fileRef = CDA5D108231B4E55002F33A1 /* AppDelegate.swift */; };
		CDA5D10E231B4E55002F33A1 /* Main.storyboard in Resources */ = {isa = PBXBuildFile; fileRef = CDA5D10C231B4E55002F33A1 /* Main.storyboard */; };
		CDA5D110231B4E56002F33A1 /* Assets.xcassets in Resources */ = {isa = PBXBuildFile; fileRef = CDA5D10F231B4E56002F33A1 /* Assets.xcassets */; };
		CDA5D113231B4E56002F33A1 /* LaunchScreen.storyboard in Resources */ = {isa = PBXBuildFile; fileRef = CDA5D111231B4E56002F33A1 /* LaunchScreen.storyboard */; };
		CDA5D11E231B4E56002F33A1 /* PhotoramaTests.swift in Sources */ = {isa = PBXBuildFile; fileRef = CDA5D11D231B4E56002F33A1 /* PhotoramaTests.swift */; };
		CDA5D129231B4E56002F33A1 /* PhotoramaUITests.swift in Sources */ = {isa = PBXBuildFile; fileRef = CDA5D128231B4E56002F33A1 /* PhotoramaUITests.swift */; };
		CDA5D137231B4E8C002F33A1 /* PhotosViewController.swift in Sources */ = {isa = PBXBuildFile; fileRef = CDA5D136231B4E8C002F33A1 /* PhotosViewController.swift */; };
		CDA5D139231B5088002F33A1 /* FlickerAPI.swift in Sources */ = {isa = PBXBuildFile; fileRef = CDA5D138231B5088002F33A1 /* FlickerAPI.swift */; };
		CDA642E4231BC91300BE8C2F /* PhotoStore.swift in Sources */ = {isa = PBXBuildFile; fileRef = CDA642E3231BC91300BE8C2F /* PhotoStore.swift */; };
		CDC459722324ECA000F9D456 /* Photorama.xcdatamodeld in Sources */ = {isa = PBXBuildFile; fileRef = CDC459702324ECA000F9D456 /* Photorama.xcdatamodeld */; };
		CDC459752324F2CC00F9D456 /* Photo+CoreDataClass.swift in Sources */ = {isa = PBXBuildFile; fileRef = CDC459732324F2CC00F9D456 /* Photo+CoreDataClass.swift */; };
/* End PBXBuildFile section */

/* Begin PBXContainerItemProxy section */
		CDA5D11A231B4E56002F33A1 /* PBXContainerItemProxy */ = {
			isa = PBXContainerItemProxy;
			containerPortal = CDA5D0FD231B4E55002F33A1 /* Project object */;
			proxyType = 1;
			remoteGlobalIDString = CDA5D104231B4E55002F33A1;
			remoteInfo = Photorama;
		};
		CDA5D125231B4E56002F33A1 /* PBXContainerItemProxy */ = {
			isa = PBXContainerItemProxy;
			containerPortal = CDA5D0FD231B4E55002F33A1 /* Project object */;
			proxyType = 1;
			remoteGlobalIDString = CDA5D104231B4E55002F33A1;
			remoteInfo = Photorama;
		};
/* End PBXContainerItemProxy section */

/* Begin PBXFileReference section */
		CD0EF44C232350D00076A422 /* PhotoDataSource.swift */ = {isa = PBXFileReference; lastKnownFileType = sourcecode.swift; path = PhotoDataSource.swift; sourceTree = "<group>"; };
		CD0EF44E23236EAB0076A422 /* PhotoCollectionViewCell.swift */ = {isa = PBXFileReference; lastKnownFileType = sourcecode.swift; path = PhotoCollectionViewCell.swift; sourceTree = "<group>"; };
		CD0EF4502323DE650076A422 /* ImageStore.swift */ = {isa = PBXFileReference; fileEncoding = 4; lastKnownFileType = sourcecode.swift; name = ImageStore.swift; path = ../../Homepwner/Homepwner/ImageStore.swift; sourceTree = "<group>"; };
		CD0EF4562323E8A70076A422 /* PhotoInfoViewController.swift */ = {isa = PBXFileReference; lastKnownFileType = sourcecode.swift; path = PhotoInfoViewController.swift; sourceTree = "<group>"; };
		CD3444CE2331254F00553701 /* Photo+CoreDataProperties.swift */ = {isa = PBXFileReference; lastKnownFileType = sourcecode.swift; path = "Photo+CoreDataProperties.swift"; sourceTree = "<group>"; };
		CD3444D0233127FB00553701 /* TagsViewController.swift */ = {isa = PBXFileReference; lastKnownFileType = sourcecode.swift; path = TagsViewController.swift; sourceTree = "<group>"; };
		CD3444D223312AD600553701 /* TagDataSource.swift */ = {isa = PBXFileReference; lastKnownFileType = sourcecode.swift; path = TagDataSource.swift; sourceTree = "<group>"; };
		CDA5D105231B4E55002F33A1 /* Photorama.app */ = {isa = PBXFileReference; explicitFileType = wrapper.application; includeInIndex = 0; path = Photorama.app; sourceTree = BUILT_PRODUCTS_DIR; };
		CDA5D108231B4E55002F33A1 /* AppDelegate.swift */ = {isa = PBXFileReference; lastKnownFileType = sourcecode.swift; path = AppDelegate.swift; sourceTree = "<group>"; };
		CDA5D10D231B4E55002F33A1 /* Base */ = {isa = PBXFileReference; lastKnownFileType = file.storyboard; name = Base; path = Base.lproj/Main.storyboard; sourceTree = "<group>"; };
		CDA5D10F231B4E56002F33A1 /* Assets.xcassets */ = {isa = PBXFileReference; lastKnownFileType = folder.assetcatalog; path = Assets.xcassets; sourceTree = "<group>"; };
		CDA5D112231B4E56002F33A1 /* Base */ = {isa = PBXFileReference; lastKnownFileType = file.storyboard; name = Base; path = Base.lproj/LaunchScreen.storyboard; sourceTree = "<group>"; };
		CDA5D114231B4E56002F33A1 /* Info.plist */ = {isa = PBXFileReference; lastKnownFileType = text.plist.xml; path = Info.plist; sourceTree = "<group>"; };
		CDA5D119231B4E56002F33A1 /* PhotoramaTests.xctest */ = {isa = PBXFileReference; explicitFileType = wrapper.cfbundle; includeInIndex = 0; path = PhotoramaTests.xctest; sourceTree = BUILT_PRODUCTS_DIR; };
		CDA5D11D231B4E56002F33A1 /* PhotoramaTests.swift */ = {isa = PBXFileReference; lastKnownFileType = sourcecode.swift; path = PhotoramaTests.swift; sourceTree = "<group>"; };
		CDA5D11F231B4E56002F33A1 /* Info.plist */ = {isa = PBXFileReference; lastKnownFileType = text.plist.xml; path = Info.plist; sourceTree = "<group>"; };
		CDA5D124231B4E56002F33A1 /* PhotoramaUITests.xctest */ = {isa = PBXFileReference; explicitFileType = wrapper.cfbundle; includeInIndex = 0; path = PhotoramaUITests.xctest; sourceTree = BUILT_PRODUCTS_DIR; };
		CDA5D128231B4E56002F33A1 /* PhotoramaUITests.swift */ = {isa = PBXFileReference; lastKnownFileType = sourcecode.swift; path = PhotoramaUITests.swift; sourceTree = "<group>"; };
		CDA5D12A231B4E56002F33A1 /* Info.plist */ = {isa = PBXFileReference; lastKnownFileType = text.plist.xml; path = Info.plist; sourceTree = "<group>"; };
		CDA5D136231B4E8C002F33A1 /* PhotosViewController.swift */ = {isa = PBXFileReference; lastKnownFileType = sourcecode.swift; path = PhotosViewController.swift; sourceTree = "<group>"; };
		CDA5D138231B5088002F33A1 /* FlickerAPI.swift */ = {isa = PBXFileReference; lastKnownFileType = sourcecode.swift; path = FlickerAPI.swift; sourceTree = "<group>"; };
		CDA642E3231BC91300BE8C2F /* PhotoStore.swift */ = {isa = PBXFileReference; lastKnownFileType = sourcecode.swift; path = PhotoStore.swift; sourceTree = "<group>"; };
		CDC459712324ECA000F9D456 /* Photorama.xcdatamodel */ = {isa = PBXFileReference; lastKnownFileType = wrapper.xcdatamodel; path = Photorama.xcdatamodel; sourceTree = "<group>"; };
		CDC459732324F2CC00F9D456 /* Photo+CoreDataClass.swift */ = {isa = PBXFileReference; lastKnownFileType = sourcecode.swift; path = "Photo+CoreDataClass.swift"; sourceTree = "<group>"; };
/* End PBXFileReference section */

/* Begin PBXFrameworksBuildPhase section */
		CDA5D102231B4E55002F33A1 /* Frameworks */ = {
			isa = PBXFrameworksBuildPhase;
			buildActionMask = 2147483647;
			files = (
			);
			runOnlyForDeploymentPostprocessing = 0;
		};
		CDA5D116231B4E56002F33A1 /* Frameworks */ = {
			isa = PBXFrameworksBuildPhase;
			buildActionMask = 2147483647;
			files = (
			);
			runOnlyForDeploymentPostprocessing = 0;
		};
		CDA5D121231B4E56002F33A1 /* Frameworks */ = {
			isa = PBXFrameworksBuildPhase;
			buildActionMask = 2147483647;
			files = (
			);
			runOnlyForDeploymentPostprocessing = 0;
		};
/* End PBXFrameworksBuildPhase section */

/* Begin PBXGroup section */
		CDA5D0FC231B4E55002F33A1 = {
			isa = PBXGroup;
			children = (
				CD3444CE2331254F00553701 /* Photo+CoreDataProperties.swift */,
				CDC459732324F2CC00F9D456 /* Photo+CoreDataClass.swift */,
				CDA5D107231B4E55002F33A1 /* Photorama */,
				CDA5D11C231B4E56002F33A1 /* PhotoramaTests */,
				CDA5D127231B4E56002F33A1 /* PhotoramaUITests */,
				CDA5D106231B4E55002F33A1 /* Products */,
			);
			sourceTree = "<group>";
		};
		CDA5D106231B4E55002F33A1 /* Products */ = {
			isa = PBXGroup;
			children = (
				CDA5D105231B4E55002F33A1 /* Photorama.app */,
				CDA5D119231B4E56002F33A1 /* PhotoramaTests.xctest */,
				CDA5D124231B4E56002F33A1 /* PhotoramaUITests.xctest */,
			);
			name = Products;
			sourceTree = "<group>";
		};
		CDA5D107231B4E55002F33A1 /* Photorama */ = {
			isa = PBXGroup;
			children = (
				CD0EF4502323DE650076A422 /* ImageStore.swift */,
				CDA5D108231B4E55002F33A1 /* AppDelegate.swift */,
				CDA5D10C231B4E55002F33A1 /* Main.storyboard */,
				CDA5D10F231B4E56002F33A1 /* Assets.xcassets */,
				CDA5D111231B4E56002F33A1 /* LaunchScreen.storyboard */,
				CDA5D114231B4E56002F33A1 /* Info.plist */,
				CDA5D136231B4E8C002F33A1 /* PhotosViewController.swift */,
				CDA5D138231B5088002F33A1 /* FlickerAPI.swift */,
				CDA642E3231BC91300BE8C2F /* PhotoStore.swift */,
				CD0EF44C232350D00076A422 /* PhotoDataSource.swift */,
				CD0EF44E23236EAB0076A422 /* PhotoCollectionViewCell.swift */,
				CD0EF4562323E8A70076A422 /* PhotoInfoViewController.swift */,
				CDC459702324ECA000F9D456 /* Photorama.xcdatamodeld */,
				CD3444D0233127FB00553701 /* TagsViewController.swift */,
				CD3444D223312AD600553701 /* TagDataSource.swift */,
			);
			path = Photorama;
			sourceTree = "<group>";
		};
		CDA5D11C231B4E56002F33A1 /* PhotoramaTests */ = {
			isa = PBXGroup;
			children = (
				CDA5D11D231B4E56002F33A1 /* PhotoramaTests.swift */,
				CDA5D11F231B4E56002F33A1 /* Info.plist */,
			);
			path = PhotoramaTests;
			sourceTree = "<group>";
		};
		CDA5D127231B4E56002F33A1 /* PhotoramaUITests */ = {
			isa = PBXGroup;
			children = (
				CDA5D128231B4E56002F33A1 /* PhotoramaUITests.swift */,
				CDA5D12A231B4E56002F33A1 /* Info.plist */,
			);
			path = PhotoramaUITests;
			sourceTree = "<group>";
		};
/* End PBXGroup section */

/* Begin PBXNativeTarget section */
		CDA5D104231B4E55002F33A1 /* Photorama */ = {
			isa = PBXNativeTarget;
			buildConfigurationList = CDA5D12D231B4E56002F33A1 /* Build configuration list for PBXNativeTarget "Photorama" */;
			buildPhases = (
				CDA5D101231B4E55002F33A1 /* Sources */,
				CDA5D102231B4E55002F33A1 /* Frameworks */,
				CDA5D103231B4E55002F33A1 /* Resources */,
			);
			buildRules = (
			);
			dependencies = (
			);
			name = Photorama;
			productName = Photorama;
			productReference = CDA5D105231B4E55002F33A1 /* Photorama.app */;
			productType = "com.apple.product-type.application";
		};
		CDA5D118231B4E56002F33A1 /* PhotoramaTests */ = {
			isa = PBXNativeTarget;
			buildConfigurationList = CDA5D130231B4E56002F33A1 /* Build configuration list for PBXNativeTarget "PhotoramaTests" */;
			buildPhases = (
				CDA5D115231B4E56002F33A1 /* Sources */,
				CDA5D116231B4E56002F33A1 /* Frameworks */,
				CDA5D117231B4E56002F33A1 /* Resources */,
			);
			buildRules = (
			);
			dependencies = (
				CDA5D11B231B4E56002F33A1 /* PBXTargetDependency */,
			);
			name = PhotoramaTests;
			productName = PhotoramaTests;
			productReference = CDA5D119231B4E56002F33A1 /* PhotoramaTests.xctest */;
			productType = "com.apple.product-type.bundle.unit-test";
		};
		CDA5D123231B4E56002F33A1 /* PhotoramaUITests */ = {
			isa = PBXNativeTarget;
			buildConfigurationList = CDA5D133231B4E56002F33A1 /* Build configuration list for PBXNativeTarget "PhotoramaUITests" */;
			buildPhases = (
				CDA5D120231B4E56002F33A1 /* Sources */,
				CDA5D121231B4E56002F33A1 /* Frameworks */,
				CDA5D122231B4E56002F33A1 /* Resources */,
			);
			buildRules = (
			);
			dependencies = (
				CDA5D126231B4E56002F33A1 /* PBXTargetDependency */,
			);
			name = PhotoramaUITests;
			productName = PhotoramaUITests;
			productReference = CDA5D124231B4E56002F33A1 /* PhotoramaUITests.xctest */;
			productType = "com.apple.product-type.bundle.ui-testing";
		};
/* End PBXNativeTarget section */

/* Begin PBXProject section */
		CDA5D0FD231B4E55002F33A1 /* Project object */ = {
			isa = PBXProject;
			attributes = {
				LastSwiftUpdateCheck = 1020;
				LastUpgradeCheck = 1020;
				ORGANIZATIONNAME = "李杰";
				TargetAttributes = {
					CDA5D104231B4E55002F33A1 = {
						CreatedOnToolsVersion = 10.2.1;
					};
					CDA5D118231B4E56002F33A1 = {
						CreatedOnToolsVersion = 10.2.1;
						TestTargetID = CDA5D104231B4E55002F33A1;
					};
					CDA5D123231B4E56002F33A1 = {
						CreatedOnToolsVersion = 10.2.1;
						TestTargetID = CDA5D104231B4E55002F33A1;
					};
				};
			};
			buildConfigurationList = CDA5D100231B4E55002F33A1 /* Build configuration list for PBXProject "Photorama" */;
			compatibilityVersion = "Xcode 9.3";
			developmentRegion = en;
			hasScannedForEncodings = 0;
			knownRegions = (
				en,
				Base,
			);
			mainGroup = CDA5D0FC231B4E55002F33A1;
			productRefGroup = CDA5D106231B4E55002F33A1 /* Products */;
			projectDirPath = "";
			projectRoot = "";
			targets = (
				CDA5D104231B4E55002F33A1 /* Photorama */,
				CDA5D118231B4E56002F33A1 /* PhotoramaTests */,
				CDA5D123231B4E56002F33A1 /* PhotoramaUITests */,
			);
		};
/* End PBXProject section */

/* Begin PBXResourcesBuildPhase section */
		CDA5D103231B4E55002F33A1 /* Resources */ = {
			isa = PBXResourcesBuildPhase;
			buildActionMask = 2147483647;
			files = (
				CDA5D113231B4E56002F33A1 /* LaunchScreen.storyboard in Resources */,
				CDA5D110231B4E56002F33A1 /* Assets.xcassets in Resources */,
				CDA5D10E231B4E55002F33A1 /* Main.storyboard in Resources */,
			);
			runOnlyForDeploymentPostprocessing = 0;
		};
		CDA5D117231B4E56002F33A1 /* Resources */ = {
			isa = PBXResourcesBuildPhase;
			buildActionMask = 2147483647;
			files = (
			);
			runOnlyForDeploymentPostprocessing = 0;
		};
		CDA5D122231B4E56002F33A1 /* Resources */ = {
			isa = PBXResourcesBuildPhase;
			buildActionMask = 2147483647;
			files = (
			);
			runOnlyForDeploymentPostprocessing = 0;
		};
/* End PBXResourcesBuildPhase section */

/* Begin PBXSourcesBuildPhase section */
		CDA5D101231B4E55002F33A1 /* Sources */ = {
			isa = PBXSourcesBuildPhase;
			buildActionMask = 2147483647;
			files = (
				CDC459752324F2CC00F9D456 /* Photo+CoreDataClass.swift in Sources */,
				CD3444D323312AD600553701 /* TagDataSource.swift in Sources */,
				CDA5D137231B4E8C002F33A1 /* PhotosViewController.swift in Sources */,
				CDA5D109231B4E55002F33A1 /* AppDelegate.swift in Sources */,
				CDA642E4231BC91300BE8C2F /* PhotoStore.swift in Sources */,
				CD0EF4512323DE650076A422 /* ImageStore.swift in Sources */,
				CD3444D1233127FB00553701 /* TagsViewController.swift in Sources */,
				CD0EF44D232350D00076A422 /* PhotoDataSource.swift in Sources */,
				CDC459722324ECA000F9D456 /* Photorama.xcdatamodeld in Sources */,
				CD0EF44F23236EAB0076A422 /* PhotoCollectionViewCell.swift in Sources */,
				CD3444CF2331254F00553701 /* Photo+CoreDataProperties.swift in Sources */,
				CDA5D139231B5088002F33A1 /* FlickerAPI.swift in Sources */,
				CD0EF4572323E8A70076A422 /* PhotoInfoViewController.swift in Sources */,
			);
			runOnlyForDeploymentPostprocessing = 0;
		};
		CDA5D115231B4E56002F33A1 /* Sources */ = {
			isa = PBXSourcesBuildPhase;
			buildActionMask = 2147483647;
			files = (
				CDA5D11E231B4E56002F33A1 /* PhotoramaTests.swift in Sources */,
			);
			runOnlyForDeploymentPostprocessing = 0;
		};
		CDA5D120231B4E56002F33A1 /* Sources */ = {
			isa = PBXSourcesBuildPhase;
			buildActionMask = 2147483647;
			files = (
				CDA5D129231B4E56002F33A1 /* PhotoramaUITests.swift in Sources */,
			);
			runOnlyForDeploymentPostprocessing = 0;
		};
/* End PBXSourcesBuildPhase section */

/* Begin PBXTargetDependency section */
		CDA5D11B231B4E56002F33A1 /* PBXTargetDependency */ = {
			isa = PBXTargetDependency;
			target = CDA5D104231B4E55002F33A1 /* Photorama */;
			targetProxy = CDA5D11A231B4E56002F33A1 /* PBXContainerItemProxy */;
		};
		CDA5D126231B4E56002F33A1 /* PBXTargetDependency */ = {
			isa = PBXTargetDependency;
			target = CDA5D104231B4E55002F33A1 /* Photorama */;
			targetProxy = CDA5D125231B4E56002F33A1 /* PBXContainerItemProxy */;
		};
/* End PBXTargetDependency section */

/* Begin PBXVariantGroup section */
		CDA5D10C231B4E55002F33A1 /* Main.storyboard */ = {
			isa = PBXVariantGroup;
			children = (
				CDA5D10D231B4E55002F33A1 /* Base */,
			);
			name = Main.storyboard;
			sourceTree = "<group>";
		};
		CDA5D111231B4E56002F33A1 /* LaunchScreen.storyboard */ = {
			isa = PBXVariantGroup;
			children = (
				CDA5D112231B4E56002F33A1 /* Base */,
			);
			name = LaunchScreen.storyboard;
			sourceTree = "<group>";
		};
/* End PBXVariantGroup section */

/* Begin XCBuildConfiguration section */
		CDA5D12B231B4E56002F33A1 /* Debug */ = {
			isa = XCBuildConfiguration;
			buildSettings = {
				ALWAYS_SEARCH_USER_PATHS = NO;
				CLANG_ANALYZER_NONNULL = YES;
				CLANG_ANALYZER_NUMBER_OBJECT_CONVERSION = YES_AGGRESSIVE;
				CLANG_CXX_LANGUAGE_STANDARD = "gnu++14";
				CLANG_CXX_LIBRARY = "libc++";
				CLANG_ENABLE_MODULES = YES;
				CLANG_ENABLE_OBJC_ARC = YES;
				CLANG_ENABLE_OBJC_WEAK = YES;
				CLANG_WARN_BLOCK_CAPTURE_AUTORELEASING = YES;
				CLANG_WARN_BOOL_CONVERSION = YES;
				CLANG_WARN_COMMA = YES;
				CLANG_WARN_CONSTANT_CONVERSION = YES;
				CLANG_WARN_DEPRECATED_OBJC_IMPLEMENTATIONS = YES;
				CLANG_WARN_DIRECT_OBJC_ISA_USAGE = YES_ERROR;
				CLANG_WARN_DOCUMENTATION_COMMENTS = YES;
				CLANG_WARN_EMPTY_BODY = YES;
				CLANG_WARN_ENUM_CONVERSION = YES;
				CLANG_WARN_INFINITE_RECURSION = YES;
				CLANG_WARN_INT_CONVERSION = YES;
				CLANG_WARN_NON_LITERAL_NULL_CONVERSION = YES;
				CLANG_WARN_OBJC_IMPLICIT_RETAIN_SELF = YES;
				CLANG_WARN_OBJC_LITERAL_CONVERSION = YES;
				CLANG_WARN_OBJC_ROOT_CLASS = YES_ERROR;
				CLANG_WARN_RANGE_LOOP_ANALYSIS = YES;
				CLANG_WARN_STRICT_PROTOTYPES = YES;
				CLANG_WARN_SUSPICIOUS_MOVE = YES;
				CLANG_WARN_UNGUARDED_AVAILABILITY = YES_AGGRESSIVE;
				CLANG_WARN_UNREACHABLE_CODE = YES;
				CLANG_WARN__DUPLICATE_METHOD_MATCH = YES;
				CODE_SIGN_IDENTITY = "iPhone Developer";
				COPY_PHASE_STRIP = NO;
				DEBUG_INFORMATION_FORMAT = dwarf;
				ENABLE_STRICT_OBJC_MSGSEND = YES;
				ENABLE_TESTABILITY = YES;
				GCC_C_LANGUAGE_STANDARD = gnu11;
				GCC_DYNAMIC_NO_PIC = NO;
				GCC_NO_COMMON_BLOCKS = YES;
				GCC_OPTIMIZATION_LEVEL = 0;
				GCC_PREPROCESSOR_DEFINITIONS = (
					"DEBUG=1",
					"$(inherited)",
				);
				GCC_WARN_64_TO_32_BIT_CONVERSION = YES;
				GCC_WARN_ABOUT_RETURN_TYPE = YES_ERROR;
				GCC_WARN_UNDECLARED_SELECTOR = YES;
				GCC_WARN_UNINITIALIZED_AUTOS = YES_AGGRESSIVE;
				GCC_WARN_UNUSED_FUNCTION = YES;
				GCC_WARN_UNUSED_VARIABLE = YES;
				IPHONEOS_DEPLOYMENT_TARGET = 12.2;
				MTL_ENABLE_DEBUG_INFO = INCLUDE_SOURCE;
				MTL_FAST_MATH = YES;
				ONLY_ACTIVE_ARCH = YES;
				SDKROOT = iphoneos;
				SWIFT_ACTIVE_COMPILATION_CONDITIONS = DEBUG;
				SWIFT_OPTIMIZATION_LEVEL = "-Onone";
			};
			name = Debug;
		};
		CDA5D12C231B4E56002F33A1 /* Release */ = {
			isa = XCBuildConfiguration;
			buildSettings = {
				ALWAYS_SEARCH_USER_PATHS = NO;
				CLANG_ANALYZER_NONNULL = YES;
				CLANG_ANALYZER_NUMBER_OBJECT_CONVERSION = YES_AGGRESSIVE;
				CLANG_CXX_LANGUAGE_STANDARD = "gnu++14";
				CLANG_CXX_LIBRARY = "libc++";
				CLANG_ENABLE_MODULES = YES;
				CLANG_ENABLE_OBJC_ARC = YES;
				CLANG_ENABLE_OBJC_WEAK = YES;
				CLANG_WARN_BLOCK_CAPTURE_AUTORELEASING = YES;
				CLANG_WARN_BOOL_CONVERSION = YES;
				CLANG_WARN_COMMA = YES;
				CLANG_WARN_CONSTANT_CONVERSION = YES;
				CLANG_WARN_DEPRECATED_OBJC_IMPLEMENTATIONS = YES;
				CLANG_WARN_DIRECT_OBJC_ISA_USAGE = YES_ERROR;
				CLANG_WARN_DOCUMENTATION_COMMENTS = YES;
				CLANG_WARN_EMPTY_BODY = YES;
				CLANG_WARN_ENUM_CONVERSION = YES;
				CLANG_WARN_INFINITE_RECURSION = YES;
				CLANG_WARN_INT_CONVERSION = YES;
				CLANG_WARN_NON_LITERAL_NULL_CONVERSION = YES;
				CLANG_WARN_OBJC_IMPLICIT_RETAIN_SELF = YES;
				CLANG_WARN_OBJC_LITERAL_CONVERSION = YES;
				CLANG_WARN_OBJC_ROOT_CLASS = YES_ERROR;
				CLANG_WARN_RANGE_LOOP_ANALYSIS = YES;
				CLANG_WARN_STRICT_PROTOTYPES = YES;
				CLANG_WARN_SUSPICIOUS_MOVE = YES;
				CLANG_WARN_UNGUARDED_AVAILABILITY = YES_AGGRESSIVE;
				CLANG_WARN_UNREACHABLE_CODE = YES;
				CLANG_WARN__DUPLICATE_METHOD_MATCH = YES;
				CODE_SIGN_IDENTITY = "iPhone Developer";
				COPY_PHASE_STRIP = NO;
				DEBUG_INFORMATION_FORMAT = "dwarf-with-dsym";
				ENABLE_NS_ASSERTIONS = NO;
				ENABLE_STRICT_OBJC_MSGSEND = YES;
				GCC_C_LANGUAGE_STANDARD = gnu11;
				GCC_NO_COMMON_BLOCKS = YES;
				GCC_WARN_64_TO_32_BIT_CONVERSION = YES;
				GCC_WARN_ABOUT_RETURN_TYPE = YES_ERROR;
				GCC_WARN_UNDECLARED_SELECTOR = YES;
				GCC_WARN_UNINITIALIZED_AUTOS = YES_AGGRESSIVE;
				GCC_WARN_UNUSED_FUNCTION = YES;
				GCC_WARN_UNUSED_VARIABLE = YES;
				IPHONEOS_DEPLOYMENT_TARGET = 12.2;
				MTL_ENABLE_DEBUG_INFO = NO;
				MTL_FAST_MATH = YES;
				SDKROOT = iphoneos;
				SWIFT_COMPILATION_MODE = wholemodule;
				SWIFT_OPTIMIZATION_LEVEL = "-O";
				VALIDATE_PRODUCT = YES;
			};
			name = Release;
		};
		CDA5D12E231B4E56002F33A1 /* Debug */ = {
			isa = XCBuildConfiguration;
			buildSettings = {
				ASSETCATALOG_COMPILER_APPICON_NAME = AppIcon;
				CODE_SIGN_STYLE = Automatic;
				DEVELOPMENT_TEAM = 626MCCPRK2;
				INFOPLIST_FILE = Photorama/Info.plist;
				LD_RUNPATH_SEARCH_PATHS = (
					"$(inherited)",
					"@executable_path/Frameworks",
				);
				PRODUCT_BUNDLE_IDENTIFIER = studyPhotorama.Photorama;
				PRODUCT_NAME = "$(TARGET_NAME)";
				SWIFT_VERSION = 5.0;
				TARGETED_DEVICE_FAMILY = "1,2";
			};
			name = Debug;
		};
		CDA5D12F231B4E56002F33A1 /* Release */ = {
			isa = XCBuildConfiguration;
			buildSettings = {
				ASSETCATALOG_COMPILER_APPICON_NAME = AppIcon;
				CODE_SIGN_STYLE = Automatic;
				DEVELOPMENT_TEAM = 626MCCPRK2;
				INFOPLIST_FILE = Photorama/Info.plist;
				LD_RUNPATH_SEARCH_PATHS = (
					"$(inherited)",
					"@executable_path/Frameworks",
				);
				PRODUCT_BUNDLE_IDENTIFIER = studyPhotorama.Photorama;
				PRODUCT_NAME = "$(TARGET_NAME)";
				SWIFT_VERSION = 5.0;
				TARGETED_DEVICE_FAMILY = "1,2";
			};
			name = Release;
		};
		CDA5D131231B4E56002F33A1 /* Debug */ = {
			isa = XCBuildConfiguration;
			buildSettings = {
				ALWAYS_EMBED_SWIFT_STANDARD_LIBRARIES = YES;
				BUNDLE_LOADER = "$(TEST_HOST)";
				CODE_SIGN_STYLE = Automatic;
				DEVELOPMENT_TEAM = 626MCCPRK2;
				INFOPLIST_FILE = PhotoramaTests/Info.plist;
				LD_RUNPATH_SEARCH_PATHS = (
					"$(inherited)",
					"@executable_path/Frameworks",
					"@loader_path/Frameworks",
				);
				PRODUCT_BUNDLE_IDENTIFIER = studyPhotorama.PhotoramaTests;
				PRODUCT_NAME = "$(TARGET_NAME)";
				SWIFT_VERSION = 5.0;
				TARGETED_DEVICE_FAMILY = "1,2";
				TEST_HOST = "$(BUILT_PRODUCTS_DIR)/Photorama.app/Photorama";
			};
			name = Debug;
		};
		CDA5D132231B4E56002F33A1 /* Release */ = {
			isa = XCBuildConfiguration;
			buildSettings = {
				ALWAYS_EMBED_SWIFT_STANDARD_LIBRARIES = YES;
				BUNDLE_LOADER = "$(TEST_HOST)";
				CODE_SIGN_STYLE = Automatic;
				DEVELOPMENT_TEAM = 626MCCPRK2;
				INFOPLIST_FILE = PhotoramaTests/Info.plist;
				LD_RUNPATH_SEARCH_PATHS = (
					"$(inherited)",
					"@executable_path/Frameworks",
					"@loader_path/Frameworks",
				);
				PRODUCT_BUNDLE_IDENTIFIER = studyPhotorama.PhotoramaTests;
				PRODUCT_NAME = "$(TARGET_NAME)";
				SWIFT_VERSION = 5.0;
				TARGETED_DEVICE_FAMILY = "1,2";
				TEST_HOST = "$(BUILT_PRODUCTS_DIR)/Photorama.app/Photorama";
			};
			name = Release;
		};
		CDA5D134231B4E56002F33A1 /* Debug */ = {
			isa = XCBuildConfiguration;
			buildSettings = {
				ALWAYS_EMBED_SWIFT_STANDARD_LIBRARIES = YES;
				CODE_SIGN_STYLE = Automatic;
				DEVELOPMENT_TEAM = 626MCCPRK2;
				INFOPLIST_FILE = PhotoramaUITests/Info.plist;
				LD_RUNPATH_SEARCH_PATHS = (
					"$(inherited)",
					"@executable_path/Frameworks",
					"@loader_path/Frameworks",
				);
				PRODUCT_BUNDLE_IDENTIFIER = studyPhotorama.PhotoramaUITests;
				PRODUCT_NAME = "$(TARGET_NAME)";
				SWIFT_VERSION = 5.0;
				TARGETED_DEVICE_FAMILY = "1,2";
				TEST_TARGET_NAME = Photorama;
			};
			name = Debug;
		};
		CDA5D135231B4E56002F33A1 /* Release */ = {
			isa = XCBuildConfiguration;
			buildSettings = {
				ALWAYS_EMBED_SWIFT_STANDARD_LIBRARIES = YES;
				CODE_SIGN_STYLE = Automatic;
				DEVELOPMENT_TEAM = 626MCCPRK2;
				INFOPLIST_FILE = PhotoramaUITests/Info.plist;
				LD_RUNPATH_SEARCH_PATHS = (
					"$(inherited)",
					"@executable_path/Frameworks",
					"@loader_path/Frameworks",
				);
				PRODUCT_BUNDLE_IDENTIFIER = studyPhotorama.PhotoramaUITests;
				PRODUCT_NAME = "$(TARGET_NAME)";
				SWIFT_VERSION = 5.0;
				TARGETED_DEVICE_FAMILY = "1,2";
				TEST_TARGET_NAME = Photorama;
			};
			name = Release;
		};
/* End XCBuildConfiguration section */

/* Begin XCConfigurationList section */
		CDA5D100231B4E55002F33A1 /* Build configuration list for PBXProject "Photorama" */ = {
			isa = XCConfigurationList;
			buildConfigurations = (
				CDA5D12B231B4E56002F33A1 /* Debug */,
				CDA5D12C231B4E56002F33A1 /* Release */,
			);
			defaultConfigurationIsVisible = 0;
			defaultConfigurationName = Release;
		};
		CDA5D12D231B4E56002F33A1 /* Build configuration list for PBXNativeTarget "Photorama" */ = {
			isa = XCConfigurationList;
			buildConfigurations = (
				CDA5D12E231B4E56002F33A1 /* Debug */,
				CDA5D12F231B4E56002F33A1 /* Release */,
			);
			defaultConfigurationIsVisible = 0;
			defaultConfigurationName = Release;
		};
		CDA5D130231B4E56002F33A1 /* Build configuration list for PBXNativeTarget "PhotoramaTests" */ = {
			isa = XCConfigurationList;
			buildConfigurations = (
				CDA5D131231B4E56002F33A1 /* Debug */,
				CDA5D132231B4E56002F33A1 /* Release */,
			);
			defaultConfigurationIsVisible = 0;
			defaultConfigurationName = Release;
		};
		CDA5D133231B4E56002F33A1 /* Build configuration list for PBXNativeTarget "PhotoramaUITests" */ = {
			isa = XCConfigurationList;
			buildConfigurations = (
				CDA5D134231B4E56002F33A1 /* Debug */,
				CDA5D135231B4E56002F33A1 /* Release */,
			);
			defaultConfigurationIsVisible = 0;
			defaultConfigurationName = Release;
		};
/* End XCConfigurationList section */

/* Begin XCVersionGroup section */
		CDC459702324ECA000F9D456 /* Photorama.xcdatamodeld */ = {
			isa = XCVersionGroup;
			children = (
				CDC459712324ECA000F9D456 /* Photorama.xcdatamodel */,
			);
			currentVersion = CDC459712324ECA000F9D456 /* Photorama.xcdatamodel */;
			path = Photorama.xcdatamodeld;
			sourceTree = "<group>";
			versionGroupType = wrapper.xcdatamodel;
		};
/* End XCVersionGroup section */
	};
	rootObject = CDA5D0FD231B4E55002F33A1 /* Project object */;
}
